// !$*UTF8*$!
{
	archiveVersion = 1;
	classes = {
	};
	objectVersion = 46;
	objects = {

/* Begin PBXBuildFile section */
		38E627061FBF4CA300BD56EA /* main.m in Sources */ = {isa = PBXBuildFile; fileRef = 38E627051FBF4CA300BD56EA /* main.m */; };
		38E627091FBF4CA300BD56EA /* AppDelegate.m in Sources */ = {isa = PBXBuildFile; fileRef = 38E627081FBF4CA300BD56EA /* AppDelegate.m */; };
		38E627111FBF4CA300BD56EA /* Assets.xcassets in Resources */ = {isa = PBXBuildFile; fileRef = 38E627101FBF4CA300BD56EA /* Assets.xcassets */; };
		38E627141FBF4CA300BD56EA /* LaunchScreen.storyboard in Resources */ = {isa = PBXBuildFile; fileRef = 38E627121FBF4CA300BD56EA /* LaunchScreen.storyboard */; };
		38E6271D1FBF4D4A00BD56EA /* BNRLine.m in Sources */ = {isa = PBXBuildFile; fileRef = 38E6271C1FBF4D4A00BD56EA /* BNRLine.m */; };
		38E627201FBF4E8D00BD56EA /* BNRDrawView.m in Sources */ = {isa = PBXBuildFile; fileRef = 38E6271F1FBF4E8D00BD56EA /* BNRDrawView.m */; };
		38E627231FBF4F1900BD56EA /* BNRDrawViewController.m in Sources */ = {isa = PBXBuildFile; fileRef = 38E627221FBF4F1900BD56EA /* BNRDrawViewController.m */; };
/* End PBXBuildFile section */

/* Begin PBXFileReference section */
		38E627011FBF4CA300BD56EA /* TouchTracker.app */ = {isa = PBXFileReference; explicitFileType = wrapper.application; includeInIndex = 0; path = TouchTracker.app; sourceTree = BUILT_PRODUCTS_DIR; };
		38E627051FBF4CA300BD56EA /* main.m */ = {isa = PBXFileReference; lastKnownFileType = sourcecode.c.objc; path = main.m; sourceTree = "<group>"; };
		38E627071FBF4CA300BD56EA /* AppDelegate.h */ = {isa = PBXFileReference; lastKnownFileType = sourcecode.c.h; path = AppDelegate.h; sourceTree = "<group>"; };
		38E627081FBF4CA300BD56EA /* AppDelegate.m */ = {isa = PBXFileReference; lastKnownFileType = sourcecode.c.objc; path = AppDelegate.m; sourceTree = "<group>"; };
		38E627101FBF4CA300BD56EA /* Assets.xcassets */ = {isa = PBXFileReference; lastKnownFileType = folder.assetcatalog; path = Assets.xcassets; sourceTree = "<group>"; };
		38E627131FBF4CA300BD56EA /* Base */ = {isa = PBXFileReference; lastKnownFileType = file.storyboard; name = Base; path = Base.lproj/LaunchScreen.storyboard; sourceTree = "<group>"; };
		38E627151FBF4CA300BD56EA /* Info.plist */ = {isa = PBXFileReference; lastKnownFileType = text.plist.xml; path = Info.plist; sourceTree = "<group>"; };
		38E6271B1FBF4D4A00BD56EA /* BNRLine.h */ = {isa = PBXFileReference; fileEncoding = 4; lastKnownFileType = sourcecode.c.h; path = BNRLine.h; sourceTree = "<group>"; };
		38E6271C1FBF4D4A00BD56EA /* BNRLine.m */ = {isa = PBXFileReference; fileEncoding = 4; lastKnownFileType = sourcecode.c.objc; path = BNRLine.m; sourceTree = "<group>"; };
		38E6271E1FBF4E8D00BD56EA /* BNRDrawView.h */ = {isa = PBXFileReference; fileEncoding = 4; lastKnownFileType = sourcecode.c.h; path = BNRDrawView.h; sourceTree = "<group>"; };
		38E6271F1FBF4E8D00BD56EA /* BNRDrawView.m */ = {isa = PBXFileReference; fileEncoding = 4; lastKnownFileType = sourcecode.c.objc; path = BNRDrawView.m; sourceTree = "<group>"; };
		38E627211FBF4F1900BD56EA /* BNRDrawViewController.h */ = {isa = PBXFileReference; fileEncoding = 4; lastKnownFileType = sourcecode.c.h; path = BNRDrawViewController.h; sourceTree = "<group>"; };
		38E627221FBF4F1900BD56EA /* BNRDrawViewController.m */ = {isa = PBXFileReference; fileEncoding = 4; lastKnownFileType = sourcecode.c.objc; path = BNRDrawViewController.m; sourceTree = "<group>"; };
/* End PBXFileReference section */

/* Begin PBXFrameworksBuildPhase section */
		38E626FE1FBF4CA200BD56EA /* Frameworks */ = {
			isa = PBXFrameworksBuildPhase;
			buildActionMask = 2147483647;
			files = (
			);
			runOnlyForDeploymentPostprocessing = 0;
		};
/* End PBXFrameworksBuildPhase section */

/* Begin PBXGroup section */
		38E626F81FBF4CA200BD56EA = {
			isa = PBXGroup;
			children = (
				38E627031FBF4CA300BD56EA /* TouchTracker */,
				38E627021FBF4CA300BD56EA /* Products */,
			);
			sourceTree = "<group>";
		};
		38E627021FBF4CA300BD56EA /* Products */ = {
			isa = PBXGroup;
			children = (
				38E627011FBF4CA300BD56EA /* TouchTracker.app */,
			);
			name = Products;
			sourceTree = "<group>";
		};
		38E627031FBF4CA300BD56EA /* TouchTracker */ = {
			isa = PBXGroup;
			children = (
				38E6271B1FBF4D4A00BD56EA /* BNRLine.h */,
				38E6271C1FBF4D4A00BD56EA /* BNRLine.m */,
				38E6271E1FBF4E8D00BD56EA /* BNRDrawView.h */,
				38E6271F1FBF4E8D00BD56EA /* BNRDrawView.m */,
				38E627211FBF4F1900BD56EA /* BNRDrawViewController.h */,
				38E627221FBF4F1900BD56EA /* BNRDrawViewController.m */,
				38E627071FBF4CA300BD56EA /* AppDelegate.h */,
				38E627081FBF4CA300BD56EA /* AppDelegate.m */,
				38E627101FBF4CA300BD56EA /* Assets.xcassets */,
				38E627121FBF4CA300BD56EA /* LaunchScreen.storyboard */,
				38E627151FBF4CA300BD56EA /* Info.plist */,
				38E627041FBF4CA300BD56EA /* Supporting Files */,
			);
			path = TouchTracker;
			sourceTree = "<group>";
		};
		38E627041FBF4CA300BD56EA /* Supporting Files */ = {
			isa = PBXGroup;
			children = (
				38E627051FBF4CA300BD56EA /* main.m */,
			);
			name = "Supporting Files";
			sourceTree = "<group>";
		};
/* End PBXGroup section */

/* Begin PBXNativeTarget section */
		38E627001FBF4CA200BD56EA /* TouchTracker */ = {
			isa = PBXNativeTarget;
			buildConfigurationList = 38E627181FBF4CA300BD56EA /* Build configuration list for PBXNativeTarget "TouchTracker" */;
			buildPhases = (
				38E626FD1FBF4CA200BD56EA /* Sources */,
				38E626FE1FBF4CA200BD56EA /* Frameworks */,
				38E626FF1FBF4CA200BD56EA /* Resources */,
			);
			buildRules = (
			);
			dependencies = (
			);
			name = TouchTracker;
			productName = TouchTracker;
			productReference = 38E627011FBF4CA300BD56EA /* TouchTracker.app */;
			productType = "com.apple.product-type.application";
		};
/* End PBXNativeTarget section */

/* Begin PBXProject section */
		38E626F91FBF4CA200BD56EA /* Project object */ = {
			isa = PBXProject;
			attributes = {
				LastUpgradeCheck = 0920;
				ORGANIZATIONNAME = "Giorgio Tempesta";
				TargetAttributes = {
					38E627001FBF4CA200BD56EA = {
						CreatedOnToolsVersion = 8.2.1;
						DevelopmentTeam = 453852GWBS;
						ProvisioningStyle = Automatic;
					};
				};
			};
			buildConfigurationList = 38E626FC1FBF4CA200BD56EA /* Build configuration list for PBXProject "TouchTracker" */;
			compatibilityVersion = "Xcode 3.2";
			developmentRegion = English;
			hasScannedForEncodings = 0;
			knownRegions = (
				en,
				Base,
			);
			mainGroup = 38E626F81FBF4CA200BD56EA;
			productRefGroup = 38E627021FBF4CA300BD56EA /* Products */;
			projectDirPath = "";
			projectRoot = "";
			targets = (
				38E627001FBF4CA200BD56EA /* TouchTracker */,
			);
		};
/* End PBXProject section */

/* Begin PBXResourcesBuildPhase section */
		38E626FF1FBF4CA200BD56EA /* Resources */ = {
			isa = PBXResourcesBuildPhase;
			buildActionMask = 2147483647;
			files = (
				38E627141FBF4CA300BD56EA /* LaunchScreen.storyboard in Resources */,
				38E627111FBF4CA300BD56EA /* Assets.xcassets in Resources */,
			);
			runOnlyForDeploymentPostprocessing = 0;
		};
/* End PBXResourcesBuildPhase section */

/* Begin PBXSourcesBuildPhase section */
		38E626FD1FBF4CA200BD56EA /* Sources */ = {
			isa = PBXSourcesBuildPhase;
			buildActionMask = 2147483647;
			files = (
				38E627201FBF4E8D00BD56EA /* BNRDrawView.m in Sources */,
				38E627231FBF4F1900BD56EA /* BNRDrawViewController.m in Sources */,
				38E627091FBF4CA300BD56EA /* AppDelegate.m in Sources */,
				38E6271D1FBF4D4A00BD56EA /* BNRLine.m in Sources */,
				38E627061FBF4CA300BD56EA /* main.m in Sources */,
			);
			runOnlyForDeploymentPostprocessing = 0;
		};
/* End PBXSourcesBuildPhase section */

/* Begin PBXVariantGroup section */
		38E627121FBF4CA300BD56EA /* LaunchScreen.storyboard */ = {
			isa = PBXVariantGroup;
			children = (
				38E627131FBF4CA300BD56EA /* Base */,
			);
			name = LaunchScreen.storyboard;
			sourceTree = "<group>";
		};
/* End PBXVariantGroup section */

/* Begin XCBuildConfiguration section */
		38E627161FBF4CA300BD56EA /* Debug */ = {
			isa = XCBuildConfiguration;
			buildSettings = {
				ALWAYS_SEARCH_USER_PATHS = NO;
				CLANG_ANALYZER_NONNULL = YES;
				CLANG_CXX_LANGUAGE_STANDARD = "gnu++0x";
				CLANG_CXX_LIBRARY = "libc++";
				CLANG_ENABLE_MODULES = YES;
				CLANG_ENABLE_OBJC_ARC = YES;
				CLANG_WARN_BLOCK_CAPTURE_AUTORELEASING = YES;
				CLANG_WARN_BOOL_CONVERSION = YES;
				CLANG_WARN_COMMA = YES;
				CLANG_WARN_CONSTANT_CONVERSION = YES;
				CLANG_WARN_DIRECT_OBJC_ISA_USAGE = YES_ERROR;
				CLANG_WARN_DOCUMENTATION_COMMENTS = YES;
				CLANG_WARN_EMPTY_BODY = YES;
				CLANG_WARN_ENUM_CONVERSION = YES;
				CLANG_WARN_INFINITE_RECURSION = YES;
				CLANG_WARN_INT_CONVERSION = YES;
				CLANG_WARN_NON_LITERAL_NULL_CONVERSION = YES;
				CLANG_WARN_OBJC_LITERAL_CONVERSION = YES;
				CLANG_WARN_OBJC_ROOT_CLASS = YES_ERROR;
				CLANG_WARN_RANGE_LOOP_ANALYSIS = YES;
				CLANG_WARN_STRICT_PROTOTYPES = YES;
				CLANG_WARN_SUSPICIOUS_MOVE = YES;
				CLANG_WARN_UNREACHABLE_CODE = YES;
				CLANG_WARN__DUPLICATE_METHOD_MATCH = YES;
				"CODE_SIGN_IDENTITY[sdk=iphoneos*]" = "iPhone Developer";
				COPY_PHASE_STRIP = NO;
				DEBUG_INFORMATION_FORMAT = dwarf;
				ENABLE_STRICT_OBJC_MSGSEND = YES;
				ENABLE_TESTABILITY = YES;
				GCC_C_LANGUAGE_STANDARD = gnu99;
				GCC_DYNAMIC_NO_PIC = NO;
				GCC_NO_COMMON_BLOCKS = YES;
				GCC_OPTIMIZATION_LEVEL = 0;
				GCC_PREPROCESSOR_DEFINITIONS = (
					"DEBUG=1",
					"$(inherited)",
				);
				GCC_WARN_64_TO_32_BIT_CONVERSION = YES;
				GCC_WARN_ABOUT_RETURN_TYPE = YES_ERROR;
				GCC_WARN_UNDECLARED_SELECTOR = YES;
				GCC_WARN_UNINITIALIZED_AUTOS = YES_AGGRESSIVE;
				GCC_WARN_UNUSED_FUNCTION = YES;
				GCC_WARN_UNUSED_VARIABLE = YES;
				IPHONEOS_DEPLOYMENT_TARGET = 11.2;
				MTL_ENABLE_DEBUG_INFO = YES;
				ONLY_ACTIVE_ARCH = YES;
				SDKROOT = iphoneos;
			};
			name = Debug;
		};
		38E627171FBF4CA300BD56EA /* Release */ = {
			isa = XCBuildConfiguration;
			buildSettings = {
				ALWAYS_SEARCH_USER_PATHS = NO;
				CLANG_ANALYZER_NONNULL = YES;
				CLANG_CXX_LANGUAGE_STANDARD = "gnu++0x";
				CLANG_CXX_LIBRARY = "libc++";
				CLANG_ENABLE_MODULES = YES;
				CLANG_ENABLE_OBJC_ARC = YES;
				CLANG_WARN_BLOCK_CAPTURE_AUTORELEASING = YES;
				CLANG_WARN_BOOL_CONVERSION = YES;
				CLANG_WARN_COMMA = YES;
				CLANG_WARN_CONSTANT_CONVERSION = YES;
				CLANG_WARN_DIRECT_OBJC_ISA_USAGE = YES_ERROR;
				CLANG_WARN_DOCUMENTATION_COMMENTS = YES;
				CLANG_WARN_EMPTY_BODY = YES;
				CLANG_WARN_ENUM_CONVERSION = YES;
				CLANG_WARN_INFINITE_RECURSION = YES;
				CLANG_WARN_INT_CONVERSION = YES;
				CLANG_WARN_NON_LITERAL_NULL_CONVERSION = YES;
				CLANG_WARN_OBJC_LITERAL_CONVERSION = YES;
				CLANG_WARN_OBJC_ROOT_CLASS = YES_ERROR;
				CLANG_WARN_RANGE_LOOP_ANALYSIS = YES;
				CLANG_WARN_STRICT_PROTOTYPES = YES;
				CLANG_WARN_SUSPICIOUS_MOVE = YES;
				CLANG_WARN_UNREACHABLE_CODE = YES;
				CLANG_WARN__DUPLICATE_METHOD_MATCH = YES;
				"CODE_SIGN_IDENTITY[sdk=iphoneos*]" = "iPhone Developer";
				COPY_PHASE_STRIP = NO;
				DEBUG_INFORMATION_FORMAT = "dwarf-with-dsym";
				ENABLE_NS_ASSERTIONS = NO;
				ENABLE_STRICT_OBJC_MSGSEND = YES;
				GCC_C_LANGUAGE_STANDARD = gnu99;
				GCC_NO_COMMON_BLOCKS = YES;
				GCC_WARN_64_TO_32_BIT_CONVERSION = YES;
				GCC_WARN_ABOUT_RETURN_TYPE = YES_ERROR;
				GCC_WARN_UNDECLARED_SELECTOR = YES;
				GCC_WARN_UNINITIALIZED_AUTOS = YES_AGGRESSIVE;
				GCC_WARN_UNUSED_FUNCTION = YES;
				GCC_WARN_UNUSED_VARIABLE = YES;
				IPHONEOS_DEPLOYMENT_TARGET = 11.2;
				MTL_ENABLE_DEBUG_INFO = NO;
				SDKROOT = iphoneos;
				VALIDATE_PRODUCT = YES;
			};
			name = Release;
		};
		38E627191FBF4CA300BD56EA /* Debug */ = {
			isa = XCBuildConfiguration;
			buildSettings = {
				ASSETCATALOG_COMPILER_APPICON_NAME = AppIcon;
				CODE_SIGN_IDENTITY = "iPhone Developer";
				"CODE_SIGN_IDENTITY[sdk=iphoneos*]" = "iPhone Developer";
				CODE_SIGN_STYLE = Automatic;
				DEVELOPMENT_TEAM = 453852GWBS;
				INFOPLIST_FILE = TouchTracker/Info.plist;
				IPHONEOS_DEPLOYMENT_TARGET = 11.2;
				LD_RUNPATH_SEARCH_PATHS = "$(inherited) @executable_path/Frameworks";
				PRODUCT_BUNDLE_IDENTIFIER = com.gtempesta.TouchTracker;
				PRODUCT_NAME = "$(TARGET_NAME)";
				PROVISIONING_PROFILE_SPECIFIER = "";
			};
			name = Debug;
		};
		38E6271A1FBF4CA300BD56EA /* Release */ = {
			isa = XCBuildConfiguration;
			buildSettings = {
				ASSETCATALOG_COMPILER_APPICON_NAME = AppIcon;
				CODE_SIGN_IDENTITY = "iPhone Developer";
				"CODE_SIGN_IDENTITY[sdk=iphoneos*]" = "iPhone Developer";
				CODE_SIGN_STYLE = Automatic;
				DEVELOPMENT_TEAM = 453852GWBS;
				INFOPLIST_FILE = TouchTracker/Info.plist;
				IPHONEOS_DEPLOYMENT_TARGET = 11.2;
				LD_RUNPATH_SEARCH_PATHS = "$(inherited) @executable_path/Frameworks";
				PRODUCT_BUNDLE_IDENTIFIER = com.gtempesta.TouchTracker;
				PRODUCT_NAME = "$(TARGET_NAME)";
				PROVISIONING_PROFILE_SPECIFIER = "";
			};
			name = Release;
		};
/* End XCBuildConfiguration section */

/* Begin XCConfigurationList section */
		38E626FC1FBF4CA200BD56EA /* Build configuration list for PBXProject "TouchTracker" */ = {
			isa = XCConfigurationList;
			buildConfigurations = (
				38E627161FBF4CA300BD56EA /* Debug */,
				38E627171FBF4CA300BD56EA /* Release */,
			);
			defaultConfigurationIsVisible = 0;
			defaultConfigurationName = Release;
		};
		38E627181FBF4CA300BD56EA /* Build configuration list for PBXNativeTarget "TouchTracker" */ = {
			isa = XCConfigurationList;
			buildConfigurations = (
				38E627191FBF4CA300BD56EA /* Debug */,
				38E6271A1FBF4CA300BD56EA /* Release */,
			);
			defaultConfigurationIsVisible = 0;
			defaultConfigurationName = Release;
		};
/* End XCConfigurationList section */
	};
	rootObject = 38E626F91FBF4CA200BD56EA /* Project object */;
}
