// !$*UTF8*$!
{
	archiveVersion = 1;
	classes = {
	};
	objectVersion = 46;
	objects = {

/* Begin PBXBuildFile section */
		382C6E9A1F6C32C000CB59A1 /* BNRItem.m in Sources */ = {isa = PBXBuildFile; fileRef = 382C6E991F6C32C000CB59A1 /* BNRItem.m */; };
		384C5E951F7962BD000507D4 /* HeaderView.xib in Resources */ = {isa = PBXBuildFile; fileRef = 384C5E941F7962BD000507D4 /* HeaderView.xib */; };
		38F71C341F683E2D00516974 /* main.m in Sources */ = {isa = PBXBuildFile; fileRef = 38F71C331F683E2D00516974 /* main.m */; };
		38F71C371F683E2D00516974 /* AppDelegate.m in Sources */ = {isa = PBXBuildFile; fileRef = 38F71C361F683E2D00516974 /* AppDelegate.m */; };
		38F71C3F1F683E2D00516974 /* Assets.xcassets in Resources */ = {isa = PBXBuildFile; fileRef = 38F71C3E1F683E2D00516974 /* Assets.xcassets */; };
		38F71C421F683E2D00516974 /* LaunchScreen.storyboard in Resources */ = {isa = PBXBuildFile; fileRef = 38F71C401F683E2D00516974 /* LaunchScreen.storyboard */; };
		38F71C511F683F2500516974 /* BNRItemsViewController.m in Sources */ = {isa = PBXBuildFile; fileRef = 38F71C501F683F2500516974 /* BNRItemsViewController.m */; };
		38F71C541F68416A00516974 /* BNRItemStore.m in Sources */ = {isa = PBXBuildFile; fileRef = 38F71C531F68416A00516974 /* BNRItemStore.m */; };
/* End PBXBuildFile section */

/* Begin PBXFileReference section */
		382C6E981F6C32C000CB59A1 /* BNRItem.h */ = {isa = PBXFileReference; fileEncoding = 4; lastKnownFileType = sourcecode.c.h; path = BNRItem.h; sourceTree = "<group>"; };
		382C6E991F6C32C000CB59A1 /* BNRItem.m */ = {isa = PBXFileReference; fileEncoding = 4; lastKnownFileType = sourcecode.c.objc; path = BNRItem.m; sourceTree = "<group>"; };
		384C5E941F7962BD000507D4 /* HeaderView.xib */ = {isa = PBXFileReference; fileEncoding = 4; lastKnownFileType = file.xib; path = HeaderView.xib; sourceTree = "<group>"; };
		38F71C2F1F683E2D00516974 /* Homepwner.app */ = {isa = PBXFileReference; explicitFileType = wrapper.application; includeInIndex = 0; path = Homepwner.app; sourceTree = BUILT_PRODUCTS_DIR; };
		38F71C331F683E2D00516974 /* main.m */ = {isa = PBXFileReference; lastKnownFileType = sourcecode.c.objc; path = main.m; sourceTree = "<group>"; };
		38F71C351F683E2D00516974 /* AppDelegate.h */ = {isa = PBXFileReference; lastKnownFileType = sourcecode.c.h; path = AppDelegate.h; sourceTree = "<group>"; };
		38F71C361F683E2D00516974 /* AppDelegate.m */ = {isa = PBXFileReference; lastKnownFileType = sourcecode.c.objc; path = AppDelegate.m; sourceTree = "<group>"; };
		38F71C3E1F683E2D00516974 /* Assets.xcassets */ = {isa = PBXFileReference; lastKnownFileType = folder.assetcatalog; path = Assets.xcassets; sourceTree = "<group>"; };
		38F71C411F683E2D00516974 /* Base */ = {isa = PBXFileReference; lastKnownFileType = file.storyboard; name = Base; path = Base.lproj/LaunchScreen.storyboard; sourceTree = "<group>"; };
		38F71C431F683E2D00516974 /* Info.plist */ = {isa = PBXFileReference; lastKnownFileType = text.plist.xml; path = Info.plist; sourceTree = "<group>"; };
		38F71C4F1F683F2500516974 /* BNRItemsViewController.h */ = {isa = PBXFileReference; fileEncoding = 4; lastKnownFileType = sourcecode.c.h; path = BNRItemsViewController.h; sourceTree = "<group>"; };
		38F71C501F683F2500516974 /* BNRItemsViewController.m */ = {isa = PBXFileReference; fileEncoding = 4; lastKnownFileType = sourcecode.c.objc; path = BNRItemsViewController.m; sourceTree = "<group>"; };
		38F71C521F68416A00516974 /* BNRItemStore.h */ = {isa = PBXFileReference; fileEncoding = 4; lastKnownFileType = sourcecode.c.h; path = BNRItemStore.h; sourceTree = "<group>"; };
		38F71C531F68416A00516974 /* BNRItemStore.m */ = {isa = PBXFileReference; fileEncoding = 4; lastKnownFileType = sourcecode.c.objc; path = BNRItemStore.m; sourceTree = "<group>"; };
/* End PBXFileReference section */

/* Begin PBXFrameworksBuildPhase section */
		38F71C2C1F683E2C00516974 /* Frameworks */ = {
			isa = PBXFrameworksBuildPhase;
			buildActionMask = 2147483647;
			files = (
			);
			runOnlyForDeploymentPostprocessing = 0;
		};
/* End PBXFrameworksBuildPhase section */

/* Begin PBXGroup section */
		38F71C261F683E2C00516974 = {
			isa = PBXGroup;
			children = (
				38F71C311F683E2D00516974 /* Homepwner */,
				38F71C301F683E2D00516974 /* Products */,
			);
			sourceTree = "<group>";
		};
		38F71C301F683E2D00516974 /* Products */ = {
			isa = PBXGroup;
			children = (
				38F71C2F1F683E2D00516974 /* Homepwner.app */,
			);
			name = Products;
			sourceTree = "<group>";
		};
		38F71C311F683E2D00516974 /* Homepwner */ = {
			isa = PBXGroup;
			children = (
				382C6E981F6C32C000CB59A1 /* BNRItem.h */,
				382C6E991F6C32C000CB59A1 /* BNRItem.m */,
				38F71C4F1F683F2500516974 /* BNRItemsViewController.h */,
				38F71C501F683F2500516974 /* BNRItemsViewController.m */,
				384C5E941F7962BD000507D4 /* HeaderView.xib */,
				38F71C521F68416A00516974 /* BNRItemStore.h */,
				38F71C531F68416A00516974 /* BNRItemStore.m */,
				38F71C351F683E2D00516974 /* AppDelegate.h */,
				38F71C361F683E2D00516974 /* AppDelegate.m */,
				38F71C3E1F683E2D00516974 /* Assets.xcassets */,
				38F71C401F683E2D00516974 /* LaunchScreen.storyboard */,
				38F71C431F683E2D00516974 /* Info.plist */,
				38F71C321F683E2D00516974 /* Supporting Files */,
			);
			path = Homepwner;
			sourceTree = "<group>";
		};
		38F71C321F683E2D00516974 /* Supporting Files */ = {
			isa = PBXGroup;
			children = (
				38F71C331F683E2D00516974 /* main.m */,
			);
			name = "Supporting Files";
			sourceTree = "<group>";
		};
/* End PBXGroup section */

/* Begin PBXNativeTarget section */
		38F71C2E1F683E2C00516974 /* Homepwner */ = {
			isa = PBXNativeTarget;
			buildConfigurationList = 38F71C461F683E2D00516974 /* Build configuration list for PBXNativeTarget "Homepwner" */;
			buildPhases = (
				38F71C2B1F683E2C00516974 /* Sources */,
				38F71C2C1F683E2C00516974 /* Frameworks */,
				38F71C2D1F683E2C00516974 /* Resources */,
			);
			buildRules = (
			);
			dependencies = (
			);
			name = Homepwner;
			productName = Homepwner;
			productReference = 38F71C2F1F683E2D00516974 /* Homepwner.app */;
			productType = "com.apple.product-type.application";
		};
/* End PBXNativeTarget section */

/* Begin PBXProject section */
		38F71C271F683E2C00516974 /* Project object */ = {
			isa = PBXProject;
			attributes = {
				LastUpgradeCheck = 0820;
				ORGANIZATIONNAME = "Giorgio Tempesta";
				TargetAttributes = {
					38F71C2E1F683E2C00516974 = {
						CreatedOnToolsVersion = 8.2.1;
						DevelopmentTeam = 453852GWBS;
						ProvisioningStyle = Automatic;
					};
				};
			};
			buildConfigurationList = 38F71C2A1F683E2C00516974 /* Build configuration list for PBXProject "Homepwner" */;
			compatibilityVersion = "Xcode 3.2";
			developmentRegion = English;
			hasScannedForEncodings = 0;
			knownRegions = (
				en,
				Base,
			);
			mainGroup = 38F71C261F683E2C00516974;
			productRefGroup = 38F71C301F683E2D00516974 /* Products */;
			projectDirPath = "";
			projectRoot = "";
			targets = (
				38F71C2E1F683E2C00516974 /* Homepwner */,
			);
		};
/* End PBXProject section */

/* Begin PBXResourcesBuildPhase section */
		38F71C2D1F683E2C00516974 /* Resources */ = {
			isa = PBXResourcesBuildPhase;
			buildActionMask = 2147483647;
			files = (
				384C5E951F7962BD000507D4 /* HeaderView.xib in Resources */,
				38F71C421F683E2D00516974 /* LaunchScreen.storyboard in Resources */,
				38F71C3F1F683E2D00516974 /* Assets.xcassets in Resources */,
			);
			runOnlyForDeploymentPostprocessing = 0;
		};
/* End PBXResourcesBuildPhase section */

/* Begin PBXSourcesBuildPhase section */
		38F71C2B1F683E2C00516974 /* Sources */ = {
			isa = PBXSourcesBuildPhase;
			buildActionMask = 2147483647;
			files = (
				38F71C371F683E2D00516974 /* AppDelegate.m in Sources */,
				38F71C511F683F2500516974 /* BNRItemsViewController.m in Sources */,
				382C6E9A1F6C32C000CB59A1 /* BNRItem.m in Sources */,
				38F71C341F683E2D00516974 /* main.m in Sources */,
				38F71C541F68416A00516974 /* BNRItemStore.m in Sources */,
			);
			runOnlyForDeploymentPostprocessing = 0;
		};
/* End PBXSourcesBuildPhase section */

/* Begin PBXVariantGroup section */
		38F71C401F683E2D00516974 /* LaunchScreen.storyboard */ = {
			isa = PBXVariantGroup;
			children = (
				38F71C411F683E2D00516974 /* Base */,
			);
			name = LaunchScreen.storyboard;
			sourceTree = "<group>";
		};
/* End PBXVariantGroup section */

/* Begin XCBuildConfiguration section */
		38F71C441F683E2D00516974 /* Debug */ = {
			isa = XCBuildConfiguration;
			buildSettings = {
				ALWAYS_SEARCH_USER_PATHS = NO;
				CLANG_ANALYZER_NONNULL = YES;
				CLANG_CXX_LANGUAGE_STANDARD = "gnu++0x";
				CLANG_CXX_LIBRARY = "libc++";
				CLANG_ENABLE_MODULES = YES;
				CLANG_ENABLE_OBJC_ARC = YES;
				CLANG_WARN_BOOL_CONVERSION = YES;
				CLANG_WARN_CONSTANT_CONVERSION = YES;
				CLANG_WARN_DIRECT_OBJC_ISA_USAGE = YES_ERROR;
				CLANG_WARN_DOCUMENTATION_COMMENTS = YES;
				CLANG_WARN_EMPTY_BODY = YES;
				CLANG_WARN_ENUM_CONVERSION = YES;
				CLANG_WARN_INFINITE_RECURSION = YES;
				CLANG_WARN_INT_CONVERSION = YES;
				CLANG_WARN_OBJC_ROOT_CLASS = YES_ERROR;
				CLANG_WARN_SUSPICIOUS_MOVE = YES;
				CLANG_WARN_UNREACHABLE_CODE = YES;
				CLANG_WARN__DUPLICATE_METHOD_MATCH = YES;
				"CODE_SIGN_IDENTITY[sdk=iphoneos*]" = "iPhone Developer";
				COPY_PHASE_STRIP = NO;
				DEBUG_INFORMATION_FORMAT = dwarf;
				ENABLE_STRICT_OBJC_MSGSEND = YES;
				ENABLE_TESTABILITY = YES;
				GCC_C_LANGUAGE_STANDARD = gnu99;
				GCC_DYNAMIC_NO_PIC = NO;
				GCC_NO_COMMON_BLOCKS = YES;
				GCC_OPTIMIZATION_LEVEL = 0;
				GCC_PREPROCESSOR_DEFINITIONS = (
					"DEBUG=1",
					"$(inherited)",
				);
				GCC_WARN_64_TO_32_BIT_CONVERSION = YES;
				GCC_WARN_ABOUT_RETURN_TYPE = YES_ERROR;
				GCC_WARN_UNDECLARED_SELECTOR = YES;
				GCC_WARN_UNINITIALIZED_AUTOS = YES_AGGRESSIVE;
				GCC_WARN_UNUSED_FUNCTION = YES;
				GCC_WARN_UNUSED_VARIABLE = YES;
				IPHONEOS_DEPLOYMENT_TARGET = 10.2;
				MTL_ENABLE_DEBUG_INFO = YES;
				ONLY_ACTIVE_ARCH = YES;
				SDKROOT = iphoneos;
			};
			name = Debug;
		};
		38F71C451F683E2D00516974 /* Release */ = {
			isa = XCBuildConfiguration;
			buildSettings = {
				ALWAYS_SEARCH_USER_PATHS = NO;
				CLANG_ANALYZER_NONNULL = YES;
				CLANG_CXX_LANGUAGE_STANDARD = "gnu++0x";
				CLANG_CXX_LIBRARY = "libc++";
				CLANG_ENABLE_MODULES = YES;
				CLANG_ENABLE_OBJC_ARC = YES;
				CLANG_WARN_BOOL_CONVERSION = YES;
				CLANG_WARN_CONSTANT_CONVERSION = YES;
				CLANG_WARN_DIRECT_OBJC_ISA_USAGE = YES_ERROR;
				CLANG_WARN_DOCUMENTATION_COMMENTS = YES;
				CLANG_WARN_EMPTY_BODY = YES;
				CLANG_WARN_ENUM_CONVERSION = YES;
				CLANG_WARN_INFINITE_RECURSION = YES;
				CLANG_WARN_INT_CONVERSION = YES;
				CLANG_WARN_OBJC_ROOT_CLASS = YES_ERROR;
				CLANG_WARN_SUSPICIOUS_MOVE = YES;
				CLANG_WARN_UNREACHABLE_CODE = YES;
				CLANG_WARN__DUPLICATE_METHOD_MATCH = YES;
				"CODE_SIGN_IDENTITY[sdk=iphoneos*]" = "iPhone Developer";
				COPY_PHASE_STRIP = NO;
				DEBUG_INFORMATION_FORMAT = "dwarf-with-dsym";
				ENABLE_NS_ASSERTIONS = NO;
				ENABLE_STRICT_OBJC_MSGSEND = YES;
				GCC_C_LANGUAGE_STANDARD = gnu99;
				GCC_NO_COMMON_BLOCKS = YES;
				GCC_WARN_64_TO_32_BIT_CONVERSION = YES;
				GCC_WARN_ABOUT_RETURN_TYPE = YES_ERROR;
				GCC_WARN_UNDECLARED_SELECTOR = YES;
				GCC_WARN_UNINITIALIZED_AUTOS = YES_AGGRESSIVE;
				GCC_WARN_UNUSED_FUNCTION = YES;
				GCC_WARN_UNUSED_VARIABLE = YES;
				IPHONEOS_DEPLOYMENT_TARGET = 10.2;
				MTL_ENABLE_DEBUG_INFO = NO;
				SDKROOT = iphoneos;
				VALIDATE_PRODUCT = YES;
			};
			name = Release;
		};
		38F71C471F683E2D00516974 /* Debug */ = {
			isa = XCBuildConfiguration;
			buildSettings = {
				ASSETCATALOG_COMPILER_APPICON_NAME = AppIcon;
				DEVELOPMENT_TEAM = 453852GWBS;
				INFOPLIST_FILE = Homepwner/Info.plist;
				LD_RUNPATH_SEARCH_PATHS = "$(inherited) @executable_path/Frameworks";
				PRODUCT_BUNDLE_IDENTIFIER = com.gtempesta.Homepwner;
				PRODUCT_NAME = "$(TARGET_NAME)";
			};
			name = Debug;
		};
		38F71C481F683E2D00516974 /* Release */ = {
			isa = XCBuildConfiguration;
			buildSettings = {
				ASSETCATALOG_COMPILER_APPICON_NAME = AppIcon;
				DEVELOPMENT_TEAM = 453852GWBS;
				INFOPLIST_FILE = Homepwner/Info.plist;
				LD_RUNPATH_SEARCH_PATHS = "$(inherited) @executable_path/Frameworks";
				PRODUCT_BUNDLE_IDENTIFIER = com.gtempesta.Homepwner;
				PRODUCT_NAME = "$(TARGET_NAME)";
			};
			name = Release;
		};
/* End XCBuildConfiguration section */

/* Begin XCConfigurationList section */
		38F71C2A1F683E2C00516974 /* Build configuration list for PBXProject "Homepwner" */ = {
			isa = XCConfigurationList;
			buildConfigurations = (
				38F71C441F683E2D00516974 /* Debug */,
				38F71C451F683E2D00516974 /* Release */,
			);
			defaultConfigurationIsVisible = 0;
			defaultConfigurationName = Release;
		};
		38F71C461F683E2D00516974 /* Build configuration list for PBXNativeTarget "Homepwner" */ = {
			isa = XCConfigurationList;
			buildConfigurations = (
				38F71C471F683E2D00516974 /* Debug */,
				38F71C481F683E2D00516974 /* Release */,
			);
			defaultConfigurationIsVisible = 0;
			defaultConfigurationName = Release;
		};
/* End XCConfigurationList section */
	};
	rootObject = 38F71C271F683E2C00516974 /* Project object */;
}
